<?xml version="1.0" encoding="utf-8"?>
<Project ToolsVersion="4.0" xmlns="http://schemas.microsoft.com/developer/msbuild/2003">
  <ItemGroup>
    <Filter Include="Framework">
      <UniqueIdentifier>{4FC737F1-C7A5-4376-A066-2A32D752A2FF}</UniqueIdentifier>
      <Extensions>cpp;c;cc;cxx;c++;cppm;ixx;def;odl;idl;hpj;bat;asm;asmx</Extensions>
    </Filter>
    <Filter Include="Data">
      <UniqueIdentifier>{baffeb0d-ee53-471e-b6c4-f920d525182c}</UniqueIdentifier>
    </Filter>
    <Filter Include="Gameplay">
      <UniqueIdentifier>{c3a69d26-fc7a-4986-ad2e-5cd5a800c8fd}</UniqueIdentifier>
    </Filter>
    <Filter Include="Data\Paths">
      <UniqueIdentifier>{b191e897-71f5-47e8-9b97-aa9b0a769de1}</UniqueIdentifier>
    </Filter>
    <Filter Include="UI">
      <UniqueIdentifier>{1887c4f3-bb85-4561-9087-b7361e67ee36}</UniqueIdentifier>
    </Filter>
    <Filter Include="Data\Levels">
      <UniqueIdentifier>{03d521a9-5dbb-4adf-821e-eaf59b5f6d53}</UniqueIdentifier>
    </Filter>
  </ItemGroup>
  <ItemGroup>
    <ClCompile Include="Main_Windows.cpp">
      <Filter>Framework</Filter>
    </ClCompile>
    <ClCompile Include="App.cpp">
      <Filter>Framework</Filter>
    </ClCompile>
    <ClCompile Include="GameCommon.cpp">
      <Filter>Framework</Filter>
    </ClCompile>
    <ClCompile Include="Game.cpp">
      <Filter>Framework</Filter>
    </ClCompile>
    <ClCompile Include="TapManager.cpp">
      <Filter>Gameplay</Filter>
    </ClCompile>
    <ClCompile Include="Path.cpp">
      <Filter>Gameplay</Filter>
    </ClCompile>
    <ClCompile Include="PlayerPlanets.cpp">
      <Filter>Gameplay</Filter>
    </ClCompile>
    <ClCompile Include="Conductor.cpp">
      <Filter>Gameplay</Filter>
    </ClCompile>
    <ClCompile Include="TimingJudgement.cpp">
      <Filter>Gameplay</Filter>
    </ClCompile>
    <ClCompile Include="GameCamera.cpp">
      <Filter>Gameplay</Filter>
    </ClCompile>
    <ClCompile Include="Button.cpp">
      <Filter>UI</Filter>
    </ClCompile>
    <ClCompile Include="Menu.cpp">
      <Filter>UI</Filter>
    </ClCompile>
    <ClCompile Include="Level.cpp">
      <Filter>Gameplay</Filter>
    </ClCompile>
    <ClCompile Include="Prop.cpp">
      <Filter>Gameplay</Filter>
    </ClCompile>
    <ClCompile Include="LevelMetrics.cpp">
      <Filter>Gameplay</Filter>
    </ClCompile>
  </ItemGroup>
  <ItemGroup>
    <ClInclude Include="App.hpp">
      <Filter>Framework</Filter>
    </ClInclude>
    <ClInclude Include="GameCommon.hpp">
      <Filter>Framework</Filter>
    </ClInclude>
    <ClInclude Include="Game.hpp">
      <Filter>Framework</Filter>
    </ClInclude>
    <ClInclude Include="EngineBuildPreferences.hpp">
      <Filter>Framework</Filter>
    </ClInclude>
    <ClInclude Include="TapManager.hpp">
      <Filter>Gameplay</Filter>
    </ClInclude>
    <ClInclude Include="Path.hpp">
      <Filter>Gameplay</Filter>
    </ClInclude>
    <ClInclude Include="PlayerPlanets.hpp">
      <Filter>Gameplay</Filter>
    </ClInclude>
    <ClInclude Include="Conductor.hpp">
      <Filter>Gameplay</Filter>
    </ClInclude>
    <ClInclude Include="TimingJudgement.hpp">
      <Filter>Gameplay</Filter>
    </ClInclude>
    <ClInclude Include="GameCamera.hpp">
      <Filter>Gameplay</Filter>
    </ClInclude>
    <ClInclude Include="Button.hpp">
      <Filter>UI</Filter>
    </ClInclude>
    <ClInclude Include="Menu.hpp">
      <Filter>UI</Filter>
    </ClInclude>
    <ClInclude Include="Level.hpp">
      <Filter>Gameplay</Filter>
    </ClInclude>
    <ClInclude Include="Prop.hpp">
      <Filter>Gameplay</Filter>
    </ClInclude>
    <ClInclude Include="LevelMetrics.hpp">
      <Filter>Gameplay</Filter>
    </ClInclude>
  </ItemGroup>
  <ItemGroup>
    <Text Include="..\..\ReadMe.txt" />
    <Text Include="..\..\Run\Data\Credits.txt">
      <Filter>Data</Filter>
    </Text>
  </ItemGroup>
  <ItemGroup>
    <Xml Include="..\..\Run\Data\GameConfig.xml">
      <Filter>Data</Filter>
    </Xml>
    <Xml Include="..\..\Run\Data\Paths\TestPath1.xml">
      <Filter>Data\Paths</Filter>
    </Xml>
    <Xml Include="..\..\Run\Data\Paths\RizuStage.xml">
      <Filter>Data\Paths</Filter>
    </Xml>
    <Xml Include="..\..\Run\Data\Levels\RizuStage.xml">
      <Filter>Data\Levels</Filter>
    </Xml>
    <Xml Include="..\..\Run\Data\Levels\TestLevel.xml">
      <Filter>Data\Levels</Filter>
    </Xml>
    <Xml Include="..\..\Run\Data\Levels\HardDriverzDune.xml">
      <Filter>Data\Levels</Filter>
    </Xml>
    <Xml Include="..\..\Run\Data\Paths\HardDriverzDune.xml">
      <Filter>Data\Paths</Filter>
    </Xml>
    <Xml Include="..\..\Run\Data\LevelConfig.xml">
      <Filter>Data</Filter>
    </Xml>
  </ItemGroup>
</Project>